{
  "name": "@jupyter-widgets/controls",
  "version": "1.5.3",
  "lockfileVersion": 1,
  "requires": true,
  "dependencies": {
    "@types/d3-color": {
      "version": "1.2.2",
      "resolved": "https://registry.npmjs.org/@types/d3-color/-/d3-color-1.2.2.tgz",
      "integrity": "sha512-6pBxzJ8ZP3dYEQ4YjQ+NVbQaOflfgXq/JbDiS99oLobM2o72uAST4q6yPxHv6FOTCRC/n35ktuo8pvw/S4M7sw=="
    },
    "@types/d3-format": {
      "version": "1.3.1",
      "resolved": "https://registry.npmjs.org/@types/d3-format/-/d3-format-1.3.1.tgz",
      "integrity": "sha512-KAWvReOKMDreaAwOjdfQMm0HjcUMlQG47GwqdVKgmm20vTd2pucj0a70c3gUSHrnsmo6H2AMrkBsZU2UhJLq8A==",
      "dev": true
    },
    "d3-color": {
      "version": "1.4.0",
      "resolved": "https://registry.npmjs.org/d3-color/-/d3-color-1.4.0.tgz",
      "integrity": "sha512-TzNPeJy2+iEepfiL92LAAB7fvnp/dV2YwANPVHdDWmYMm23qIJBYww3qT8I8C1wXrmrg4UWs7BKc2tKIgyjzHg=="
    }
  }
}
