name: 'Lock Closed Threads'

on:
  schedule:
    - cron: '0 0 * * *'

jobs:
  lock:
    runs-on: ubuntu-latest
    steps:
      - uses: dessant/lock-threads@v2
        with:
          github-token: ${{ github.token }}
          issue-lock-inactive-days: '90'
          issue-lock-labels: 'resolved-locked'
          pr-lock-inactive-days: '90'
          pr-lock-labels: 'resolved-locked'
